
Microsoft Visual Studio Solution File, Format Version 12.00
Project("{FAE04EC0-301F-11D3-BF4B-00C04F79EFBC}") = "MyLang", "MyLang\MyLang.csproj", "{0E146921-F7D6-498C-958D-9EC7DD5597B2}"
EndProject
Project("{FAE04EC0-301F-11D3-BF4B-00C04F79EFBC}") = "LangTesting", "LangTesting\LangTesting.csproj", "{84D98656-B402-4721-A129-1B8E209D2739}"
EndProject
Global
	GlobalSection(SolutionConfigurationPlatforms) = preSolution
		Debug|Any CPU = Debug|Any CPU
		Release|Any CPU = Release|Any CPU
	EndGlobalSection
	GlobalSection(ProjectConfigurationPlatforms) = postSolution
		{0E146921-F7D6-498C-958D-9EC7DD5597B2}.Debug|Any CPU.ActiveCfg = Debug|Any CPU
		{0E146921-F7D6-498C-958D-9EC7DD5597B2}.Debug|Any CPU.Build.0 = Debug|Any CPU
		{0E146921-F7D6-498C-958D-9EC7DD5597B2}.Release|Any CPU.ActiveCfg = Release|Any CPU
		{0E146921-F7D6-498C-958D-9EC7DD5597B2}.Release|Any CPU.Build.0 = Release|Any CPU
		{84D98656-B402-4721-A129-1B8E209D2739}.Debug|Any CPU.ActiveCfg = Debug|Any CPU
		{84D98656-B402-4721-A129-1B8E209D2739}.Debug|Any CPU.Build.0 = Debug|Any CPU
		{84D98656-B402-4721-A129-1B8E209D2739}.Release|Any CPU.ActiveCfg = Release|Any CPU
		{84D98656-B402-4721-A129-1B8E209D2739}.Release|Any CPU.Build.0 = Release|Any CPU
	EndGlobalSection
EndGlobal
